
Microsoft Visual Studio Solution File, Format Version 12.00
# Visual Studio 15
VisualStudioVersion = 15.0.27703.2026
MinimumVisualStudioVersion = 10.0.40219.1
Project("{FAE04EC0-301F-11D3-BF4B-00C04F79EFBC}") = "WebApp", "WebApp\WebApp.csproj", "{5423A03E-F079-4526-BC9C-784DF5C3CA7B}"
EndProject
Global
	GlobalSection(SolutionConfigurationPlatforms) = preSolution
		Debug|Any CPU = Debug|Any CPU
		Release|Any CPU = Release|Any CPU
	EndGlobalSection
	GlobalSection(ProjectConfigurationPlatforms) = postSolution
		{5423A03E-F079-4526-BC9C-784DF5C3CA7B}.Debug|Any CPU.ActiveCfg = Debug|Any CPU
		{5423A03E-F079-4526-BC9C-784DF5C3CA7B}.Debug|Any CPU.Build.0 = Debug|Any CPU
		{5423A03E-F079-4526-BC9C-784DF5C3CA7B}.Release|Any CPU.ActiveCfg = Release|Any CPU
		{5423A03E-F079-4526-BC9C-784DF5C3CA7B}.Release|Any CPU.Build.0 = Release|Any CPU
	EndGlobalSection
	GlobalSection(SolutionProperties) = preSolution
		HideSolutionNode = FALSE
	EndGlobalSection
	GlobalSection(ExtensibilityGlobals) = postSolution
		SolutionGuid = {FBB2364D-E348-43EC-BDA1-60AA7BA7F1D6}
	EndGlobalSection
EndGlobal
